
Microsoft Visual Studio Solution File, Format Version 12.00
# Visual Studio Version 18
VisualStudioVersion = 18.8.12021.73
MinimumVisualStudioVersion = 10.0.40219.1
Project("{FAE04EC0-301F-11D3-BF4B-00C04F79EFBC}") = "IndustrialMonitor", "IndustrialMonitor\IndustrialMonitor.csproj", "{AB0CDFDB-01EA-4E0E-88C2-A08591617211}"
EndProject
Project("{FAE04EC0-301F-11D3-BF4B-00C04F79EFBC}") = "IndustrialMonitor.Modules.Dashboard", "IndustrialMonitor.Modules.Dashboard\IndustrialMonitor.Modules.Dashboard.csproj", "{514D680F-1A9A-4BA6-99DB-66EB4C0DD5AA}"
EndProject
Project("{FAE04EC0-301F-11D3-BF4B-00C04F79EFBC}") = "IndustrialMonitor.Modules.Device", "IndustrialMonitor.Modules.Device\IndustrialMonitor.Modules.Device.csproj", "{B9590CEF-BCEF-4434-A910-928336C1DDDE}"
EndProject
Project("{FAE04EC0-301F-11D3-BF4B-00C04F79EFBC}") = "IndustrialMonitor.Modules.Monitor", "IndustrialMonitor.Modules.Monitor\IndustrialMonitor.Modules.Monitor.csproj", "{16C7DAA5-F5A3-400E-9070-FF99F2417A0B}"
EndProject
Project("{2150E333-8FDC-42A3-9474-1A3956D46DE8}") = "Solution Items", "Solution Items", "{02EA681E-C7D8-13C7-8484-4AC65E1B71E8}"
	ProjectSection(SolutionItems) = preProject
		.editorconfig = .editorconfig
	EndProjectSection
EndProject
Project("{FAE04EC0-301F-11D3-BF4B-00C04F79EFBC}") = "IndustrialMonitor.Communication", "IndustrialMonitor.Communication\IndustrialMonitor.Communication.csproj", "{63EBEDF1-34BF-41D7-BB70-7AA989109F4D}"
EndProject
Project("{FAE04EC0-301F-11D3-BF4B-00C04F79EFBC}") = "IndustrialMonitor.Core", "IndustrialMonitor.Core\IndustrialMonitor.Core.csproj", "{7593C28F-3F80-40FF-9900-74C36738B907}"
EndProject
Project("{FAE04EC0-301F-11D3-BF4B-00C04F79EFBC}") = "IndustrialMonitor.DataAcquisition", "IndustrialMonitor.DataAcquisition\IndustrialMonitor.DataAcquisition.csproj", "{EB22B67D-2A95-4C9D-8F72-BA6831A9F35E}"
EndProject
Project("{FAE04EC0-301F-11D3-BF4B-00C04F79EFBC}") = "IndustrialMonitor.Alarm", "IndustrialMonitor.Alarm\IndustrialMonitor.Alarm.csproj", "{1B6F51B5-C01C-4326-B938-FAE31F889D8E}"
EndProject
Project("{FAE04EC0-301F-11D3-BF4B-00C04F79EFBC}") = "IndustrialMonitor.EventSupport", "IndustrialMonitor.EventSupport\IndustrialMonitor.EventSupport.csproj", "{366FE2AE-CD6B-4EC5-8BA6-3E5DD5F33A73}"
EndProject
Global
	GlobalSection(SolutionConfigurationPlatforms) = preSolution
		Debug|Any CPU = Debug|Any CPU
		Release|Any CPU = Release|Any CPU
	EndGlobalSection
	GlobalSection(ProjectConfigurationPlatforms) = postSolution
		{AB0CDFDB-01EA-4E0E-88C2-A08591617211}.Debug|Any CPU.ActiveCfg = Debug|Any CPU
		{AB0CDFDB-01EA-4E0E-88C2-A08591617211}.Debug|Any CPU.Build.0 = Debug|Any CPU
		{AB0CDFDB-01EA-4E0E-88C2-A08591617211}.Release|Any CPU.ActiveCfg = Release|Any CPU
		{AB0CDFDB-01EA-4E0E-88C2-A08591617211}.Release|Any CPU.Build.0 = Release|Any CPU
		{514D680F-1A9A-4BA6-99DB-66EB4C0DD5AA}.Debug|Any CPU.ActiveCfg = Debug|Any CPU
		{514D680F-1A9A-4BA6-99DB-66EB4C0DD5AA}.Debug|Any CPU.Build.0 = Debug|Any CPU
		{514D680F-1A9A-4BA6-99DB-66EB4C0DD5AA}.Release|Any CPU.ActiveCfg = Release|Any CPU
		{514D680F-1A9A-4BA6-99DB-66EB4C0DD5AA}.Release|Any CPU.Build.0 = Release|Any CPU
		{B9590CEF-BCEF-4434-A910-928336C1DDDE}.Debug|Any CPU.ActiveCfg = Debug|Any CPU
		{B9590CEF-BCEF-4434-A910-928336C1DDDE}.Debug|Any CPU.Build.0 = Debug|Any CPU
		{B9590CEF-BCEF-4434-A910-928336C1DDDE}.Release|Any CPU.ActiveCfg = Release|Any CPU
		{B9590CEF-BCEF-4434-A910-928336C1DDDE}.Release|Any CPU.Build.0 = Release|Any CPU
		{16C7DAA5-F5A3-400E-9070-FF99F2417A0B}.Debug|Any CPU.ActiveCfg = Debug|Any CPU
		{16C7DAA5-F5A3-400E-9070-FF99F2417A0B}.Debug|Any CPU.Build.0 = Debug|Any CPU
		{16C7DAA5-F5A3-400E-9070-FF99F2417A0B}.Release|Any CPU.ActiveCfg = Release|Any CPU
		{16C7DAA5-F5A3-400E-9070-FF99F2417A0B}.Release|Any CPU.Build.0 = Release|Any CPU
		{63EBEDF1-34BF-41D7-BB70-7AA989109F4D}.Debug|Any CPU.ActiveCfg = Debug|Any CPU
		{63EBEDF1-34BF-41D7-BB70-7AA989109F4D}.Debug|Any CPU.Build.0 = Debug|Any CPU
		{63EBEDF1-34BF-41D7-BB70-7AA989109F4D}.Release|Any CPU.ActiveCfg = Release|Any CPU
		{63EBEDF1-34BF-41D7-BB70-7AA989109F4D}.Release|Any CPU.Build.0 = Release|Any CPU
		{7593C28F-3F80-40FF-9900-74C36738B907}.Debug|Any CPU.ActiveCfg = Debug|Any CPU
		{7593C28F-3F80-40FF-9900-74C36738B907}.Debug|Any CPU.Build.0 = Debug|Any CPU
		{7593C28F-3F80-40FF-9900-74C36738B907}.Release|Any CPU.ActiveCfg = Release|Any CPU
		{7593C28F-3F80-40FF-9900-74C36738B907}.Release|Any CPU.Build.0 = Release|Any CPU
		{EB22B67D-2A95-4C9D-8F72-BA6831A9F35E}.Debug|Any CPU.ActiveCfg = Debug|Any CPU
		{EB22B67D-2A95-4C9D-8F72-BA6831A9F35E}.Debug|Any CPU.Build.0 = Debug|Any CPU
		{EB22B67D-2A95-4C9D-8F72-BA6831A9F35E}.Release|Any CPU.ActiveCfg = Release|Any CPU
		{EB22B67D-2A95-4C9D-8F72-BA6831A9F35E}.Release|Any CPU.Build.0 = Release|Any CPU
		{1B6F51B5-C01C-4326-B938-FAE31F889D8E}.Debug|Any CPU.ActiveCfg = Debug|Any CPU
		{1B6F51B5-C01C-4326-B938-FAE31F889D8E}.Debug|Any CPU.Build.0 = Debug|Any CPU
		{1B6F51B5-C01C-4326-B938-FAE31F889D8E}.Release|Any CPU.ActiveCfg = Release|Any CPU
		{1B6F51B5-C01C-4326-B938-FAE31F889D8E}.Release|Any CPU.Build.0 = Release|Any CPU
		{366FE2AE-CD6B-4EC5-8BA6-3E5DD5F33A73}.Debug|Any CPU.ActiveCfg = Debug|Any CPU
		{366FE2AE-CD6B-4EC5-8BA6-3E5DD5F33A73}.Debug|Any CPU.Build.0 = Debug|Any CPU
		{366FE2AE-CD6B-4EC5-8BA6-3E5DD5F33A73}.Release|Any CPU.ActiveCfg = Release|Any CPU
		{366FE2AE-CD6B-4EC5-8BA6-3E5DD5F33A73}.Release|Any CPU.Build.0 = Release|Any CPU
	EndGlobalSection
	GlobalSection(SolutionProperties) = preSolution
		HideSolutionNode = FALSE
	EndGlobalSection
	GlobalSection(ExtensibilityGlobals) = postSolution
		SolutionGuid = {06E9BB90-C267-4B98-94C7-5E8F7E97ABD2}
	EndGlobalSection
EndGlobal
